
Microsoft Visual Studio Solution File, Format Version 12.00
# Visual Studio Version 17
VisualStudioVersion = 17.9.34728.123
MinimumVisualStudioVersion = 10.0.40219.1
Project("{9A19103F-16F7-4668-BE54-9A1E7A4F7556}") = "Repaso", "Repaso\Repaso.csproj", "{B3AFD51D-CF0B-46F2-9831-AB4D82AEB44E}"
EndProject
Project("{FAE04EC0-301F-11D3-BF4B-00C04F79EFBC}") = "RepasoLib", "RepasoLib\RepasoLib.csproj", "{9EA4A0EA-B231-4661-8571-7C9775B3DD18}"
EndProject
Global
	GlobalSection(SolutionConfigurationPlatforms) = preSolution
		Debug|Any CPU = Debug|Any CPU
		Release|Any CPU = Release|Any CPU
	EndGlobalSection
	GlobalSection(ProjectConfigurationPlatforms) = postSolution
		{B3AFD51D-CF0B-46F2-9831-AB4D82AEB44E}.Debug|Any CPU.ActiveCfg = Debug|Any CPU
		{B3AFD51D-CF0B-46F2-9831-AB4D82AEB44E}.Debug|Any CPU.Build.0 = Debug|Any CPU
		{B3AFD51D-CF0B-46F2-9831-AB4D82AEB44E}.Release|Any CPU.ActiveCfg = Release|Any CPU
		{B3AFD51D-CF0B-46F2-9831-AB4D82AEB44E}.Release|Any CPU.Build.0 = Release|Any CPU
		{9EA4A0EA-B231-4661-8571-7C9775B3DD18}.Debug|Any CPU.ActiveCfg = Debug|Any CPU
		{9EA4A0EA-B231-4661-8571-7C9775B3DD18}.Debug|Any CPU.Build.0 = Debug|Any CPU
		{9EA4A0EA-B231-4661-8571-7C9775B3DD18}.Release|Any CPU.ActiveCfg = Release|Any CPU
		{9EA4A0EA-B231-4661-8571-7C9775B3DD18}.Release|Any CPU.Build.0 = Release|Any CPU
	EndGlobalSection
	GlobalSection(SolutionProperties) = preSolution
		HideSolutionNode = FALSE
	EndGlobalSection
	GlobalSection(ExtensibilityGlobals) = postSolution
		SolutionGuid = {924AE068-91AF-43EE-A7B7-983D3CCC6F02}
	EndGlobalSection
EndGlobal
